// !$*UTF8*$!
{
	archiveVersion = 1;
	classes = {
	};
	objectVersion = 46;
	objects = {

/* Begin PBXBuildFile section */
		A4279F1819E4810200332370 /* Foundation.framework in Frameworks */ = {isa = PBXBuildFile; fileRef = A4279F1719E4810200332370 /* Foundation.framework */; };
		A4279F1A19E4810200332370 /* CoreGraphics.framework in Frameworks */ = {isa = PBXBuildFile; fileRef = A4279F1919E4810200332370 /* CoreGraphics.framework */; };
		A4279F1C19E4810200332370 /* UIKit.framework in Frameworks */ = {isa = PBXBuildFile; fileRef = A4279F1B19E4810200332370 /* UIKit.framework */; };
		A4279F2219E4810200332370 /* InfoPlist.strings in Resources */ = {isa = PBXBuildFile; fileRef = A4279F2019E4810200332370 /* InfoPlist.strings */; };
		A4279F2419E4810200332370 /* main.m in Sources */ = {isa = PBXBuildFile; fileRef = A4279F2319E4810200332370 /* main.m */; };
		A4279F2B19E4810200332370 /* Main_iPhone.storyboard in Resources */ = {isa = PBXBuildFile; fileRef = A4279F2919E4810200332370 /* Main_iPhone.storyboard */; };
		A4279F2E19E4810200332370 /* Main_iPad.storyboard in Resources */ = {isa = PBXBuildFile; fileRef = A4279F2C19E4810200332370 /* Main_iPad.storyboard */; };
		A4279F3319E4810200332370 /* Images.xcassets in Resources */ = {isa = PBXBuildFile; fileRef = A4279F3219E4810200332370 /* Images.xcassets */; };
		A4279F3A19E4810200332370 /* XCTest.framework in Frameworks */ = {isa = PBXBuildFile; fileRef = A4279F3919E4810200332370 /* XCTest.framework */; };
		A4279F3B19E4810200332370 /* Foundation.framework in Frameworks */ = {isa = PBXBuildFile; fileRef = A4279F1719E4810200332370 /* Foundation.framework */; };
		A4279F3C19E4810200332370 /* UIKit.framework in Frameworks */ = {isa = PBXBuildFile; fileRef = A4279F1B19E4810200332370 /* UIKit.framework */; };
		A4279F4419E4810200332370 /* InfoPlist.strings in Resources */ = {isa = PBXBuildFile; fileRef = A4279F4219E4810200332370 /* InfoPlist.strings */; };
		A4279F4619E4810200332370 /* VideoProcessorTests.m in Sources */ = {isa = PBXBuildFile; fileRef = A4279F4519E4810200332370 /* VideoProcessorTests.m */; };
		A4279F5019E4811F00332370 /* Accelerate.framework in Frameworks */ = {isa = PBXBuildFile; fileRef = A4279F4F19E4811F00332370 /* Accelerate.framework */; };
		A4279F5219E4812300332370 /* AssetsLibrary.framework in Frameworks */ = {isa = PBXBuildFile; fileRef = A4279F5119E4812300332370 /* AssetsLibrary.framework */; };
		A4279F5419E4812700332370 /* AVFoundation.framework in Frameworks */ = {isa = PBXBuildFile; fileRef = A4279F5319E4812700332370 /* AVFoundation.framework */; };
		A4279F5619E4813800332370 /* CoreImage.framework in Frameworks */ = {isa = PBXBuildFile; fileRef = A4279F5519E4813800332370 /* CoreImage.framework */; };
		A4279F5819E4813C00332370 /* CoreMedia.framework in Frameworks */ = {isa = PBXBuildFile; fileRef = A4279F5719E4813C00332370 /* CoreMedia.framework */; };
		A4279F5A19E4814C00332370 /* MediaPlayer.framework in Frameworks */ = {isa = PBXBuildFile; fileRef = A4279F5919E4814C00332370 /* MediaPlayer.framework */; };
		A4279F5C19E4815100332370 /* QuartzCore.framework in Frameworks */ = {isa = PBXBuildFile; fileRef = A4279F5B19E4815100332370 /* QuartzCore.framework */; };
		A4279F5E19E4815C00332370 /* MobileCoreServices.framework in Frameworks */ = {isa = PBXBuildFile; fileRef = A4279F5D19E4815C00332370 /* MobileCoreServices.framework */; };
		A4CD03FA19E9246900F25677 /* TagDrawerView.m in Sources */ = {isa = PBXBuildFile; fileRef = A4CD03F919E9246900F25677 /* TagDrawerView.m */; };
		A4CD040119E924CF00F25677 /* AppDelegate.m in Sources */ = {isa = PBXBuildFile; fileRef = A4CD040019E924CF00F25677 /* AppDelegate.m */; };
		A4CD040519E9253100F25677 /* ViewController.m in Sources */ = {isa = PBXBuildFile; fileRef = A4CD040419E9253100F25677 /* ViewController.m */; };
		A4CD040919E9259D00F25677 /* sample.m4v in Resources */ = {isa = PBXBuildFile; fileRef = A4CD040819E9259D00F25677 /* sample.m4v */; };
/* End PBXBuildFile section */

/* Begin PBXContainerItemProxy section */
		A4279F3D19E4810200332370 /* PBXContainerItemProxy */ = {
			isa = PBXContainerItemProxy;
			containerPortal = A4279F0C19E4810200332370 /* Project object */;
			proxyType = 1;
			remoteGlobalIDString = A4279F1319E4810200332370;
			remoteInfo = VideoProcessor;
		};
/* End PBXContainerItemProxy section */

/* Begin PBXFileReference section */
		A4279F1419E4810200332370 /* VideoProcessor.app */ = {isa = PBXFileReference; explicitFileType = wrapper.application; includeInIndex = 0; path = VideoProcessor.app; sourceTree = BUILT_PRODUCTS_DIR; };
		A4279F1719E4810200332370 /* Foundation.framework */ = {isa = PBXFileReference; lastKnownFileType = wrapper.framework; name = Foundation.framework; path = System/Library/Frameworks/Foundation.framework; sourceTree = SDKROOT; };
		A4279F1919E4810200332370 /* CoreGraphics.framework */ = {isa = PBXFileReference; lastKnownFileType = wrapper.framework; name = CoreGraphics.framework; path = System/Library/Frameworks/CoreGraphics.framework; sourceTree = SDKROOT; };
		A4279F1B19E4810200332370 /* UIKit.framework */ = {isa = PBXFileReference; lastKnownFileType = wrapper.framework; name = UIKit.framework; path = System/Library/Frameworks/UIKit.framework; sourceTree = SDKROOT; };
		A4279F1F19E4810200332370 /* VideoProcessor-Info.plist */ = {isa = PBXFileReference; lastKnownFileType = text.plist.xml; path = "VideoProcessor-Info.plist"; sourceTree = "<group>"; };
		A4279F2119E4810200332370 /* en */ = {isa = PBXFileReference; lastKnownFileType = text.plist.strings; name = en; path = en.lproj/InfoPlist.strings; sourceTree = "<group>"; };
		A4279F2319E4810200332370 /* main.m */ = {isa = PBXFileReference; lastKnownFileType = sourcecode.c.objc; path = main.m; sourceTree = "<group>"; };
		A4279F2519E4810200332370 /* VideoProcessor-Prefix.pch */ = {isa = PBXFileReference; lastKnownFileType = sourcecode.c.h; path = "VideoProcessor-Prefix.pch"; sourceTree = "<group>"; };
		A4279F2A19E4810200332370 /* Base */ = {isa = PBXFileReference; lastKnownFileType = file.storyboard; name = Base; path = Base.lproj/Main_iPhone.storyboard; sourceTree = "<group>"; };
		A4279F2D19E4810200332370 /* Base */ = {isa = PBXFileReference; lastKnownFileType = file.storyboard; name = Base; path = Base.lproj/Main_iPad.storyboard; sourceTree = "<group>"; };
		A4279F3219E4810200332370 /* Images.xcassets */ = {isa = PBXFileReference; lastKnownFileType = folder.assetcatalog; path = Images.xcassets; sourceTree = "<group>"; };
		A4279F3819E4810200332370 /* VideoProcessorTests.xctest */ = {isa = PBXFileReference; explicitFileType = wrapper.cfbundle; includeInIndex = 0; path = VideoProcessorTests.xctest; sourceTree = BUILT_PRODUCTS_DIR; };
		A4279F3919E4810200332370 /* XCTest.framework */ = {isa = PBXFileReference; lastKnownFileType = wrapper.framework; name = XCTest.framework; path = Library/Frameworks/XCTest.framework; sourceTree = DEVELOPER_DIR; };
		A4279F4119E4810200332370 /* VideoProcessorTests-Info.plist */ = {isa = PBXFileReference; lastKnownFileType = text.plist.xml; path = "VideoProcessorTests-Info.plist"; sourceTree = "<group>"; };
		A4279F4319E4810200332370 /* en */ = {isa = PBXFileReference; lastKnownFileType = text.plist.strings; name = en; path = en.lproj/InfoPlist.strings; sourceTree = "<group>"; };
		A4279F4519E4810200332370 /* VideoProcessorTests.m */ = {isa = PBXFileReference; lastKnownFileType = sourcecode.c.objc; path = VideoProcessorTests.m; sourceTree = "<group>"; };
		A4279F4F19E4811F00332370 /* Accelerate.framework */ = {isa = PBXFileReference; lastKnownFileType = wrapper.framework; name = Accelerate.framework; path = System/Library/Frameworks/Accelerate.framework; sourceTree = SDKROOT; };
		A4279F5119E4812300332370 /* AssetsLibrary.framework */ = {isa = PBXFileReference; lastKnownFileType = wrapper.framework; name = AssetsLibrary.framework; path = System/Library/Frameworks/AssetsLibrary.framework; sourceTree = SDKROOT; };
		A4279F5319E4812700332370 /* AVFoundation.framework */ = {isa = PBXFileReference; lastKnownFileType = wrapper.framework; name = AVFoundation.framework; path = System/Library/Frameworks/AVFoundation.framework; sourceTree = SDKROOT; };
		A4279F5519E4813800332370 /* CoreImage.framework */ = {isa = PBXFileReference; lastKnownFileType = wrapper.framework; name = CoreImage.framework; path = System/Library/Frameworks/CoreImage.framework; sourceTree = SDKROOT; };
		A4279F5719E4813C00332370 /* CoreMedia.framework */ = {isa = PBXFileReference; lastKnownFileType = wrapper.framework; name = CoreMedia.framework; path = System/Library/Frameworks/CoreMedia.framework; sourceTree = SDKROOT; };
		A4279F5919E4814C00332370 /* MediaPlayer.framework */ = {isa = PBXFileReference; lastKnownFileType = wrapper.framework; name = MediaPlayer.framework; path = System/Library/Frameworks/MediaPlayer.framework; sourceTree = SDKROOT; };
		A4279F5B19E4815100332370 /* QuartzCore.framework */ = {isa = PBXFileReference; lastKnownFileType = wrapper.framework; name = QuartzCore.framework; path = System/Library/Frameworks/QuartzCore.framework; sourceTree = SDKROOT; };
		A4279F5D19E4815C00332370 /* MobileCoreServices.framework */ = {isa = PBXFileReference; lastKnownFileType = wrapper.framework; name = MobileCoreServices.framework; path = System/Library/Frameworks/MobileCoreServices.framework; sourceTree = SDKROOT; };
		A4CD03F819E9246900F25677 /* TagDrawerView.h */ = {isa = PBXFileReference; fileEncoding = 4; lastKnownFileType = sourcecode.c.h; path = TagDrawerView.h; sourceTree = "<group>"; };
		A4CD03F919E9246900F25677 /* TagDrawerView.m */ = {isa = PBXFileReference; fileEncoding = 4; lastKnownFileType = sourcecode.c.objc; path = TagDrawerView.m; sourceTree = "<group>"; };
		A4CD03FF19E924CF00F25677 /* AppDelegate.h */ = {isa = PBXFileReference; fileEncoding = 4; lastKnownFileType = sourcecode.c.h; path = AppDelegate.h; sourceTree = "<group>"; };
		A4CD040019E924CF00F25677 /* AppDelegate.m */ = {isa = PBXFileReference; fileEncoding = 4; lastKnownFileType = sourcecode.c.objc; path = AppDelegate.m; sourceTree = "<group>"; };
		A4CD040319E9251A00F25677 /* ViewController.h */ = {isa = PBXFileReference; fileEncoding = 4; lastKnownFileType = sourcecode.c.h; path = ViewController.h; sourceTree = "<group>"; };
		A4CD040419E9253100F25677 /* ViewController.m */ = {isa = PBXFileReference; fileEncoding = 4; lastKnownFileType = sourcecode.c.objc; path = ViewController.m; sourceTree = "<group>"; };
		A4CD040819E9259D00F25677 /* sample.m4v */ = {isa = PBXFileReference; lastKnownFileType = file; path = sample.m4v; sourceTree = "<group>"; };
		A4CD040D19E92A7700F25677 /* AppConstants.h */ = {isa = PBXFileReference; fileEncoding = 4; lastKnownFileType = sourcecode.c.h; path = AppConstants.h; sourceTree = "<group>"; };
/* End PBXFileReference section */

/* Begin PBXFrameworksBuildPhase section */
		A4279F1119E4810200332370 /* Frameworks */ = {
			isa = PBXFrameworksBuildPhase;
			buildActionMask = 2147483647;
			files = (
				A4279F5619E4813800332370 /* CoreImage.framework in Frameworks */,
				A4279F5E19E4815C00332370 /* MobileCoreServices.framework in Frameworks */,
				A4279F5C19E4815100332370 /* QuartzCore.framework in Frameworks */,
				A4279F5A19E4814C00332370 /* MediaPlayer.framework in Frameworks */,
				A4279F5819E4813C00332370 /* CoreMedia.framework in Frameworks */,
				A4279F5419E4812700332370 /* AVFoundation.framework in Frameworks */,
				A4279F5219E4812300332370 /* AssetsLibrary.framework in Frameworks */,
				A4279F5019E4811F00332370 /* Accelerate.framework in Frameworks */,
				A4279F1A19E4810200332370 /* CoreGraphics.framework in Frameworks */,
				A4279F1C19E4810200332370 /* UIKit.framework in Frameworks */,
				A4279F1819E4810200332370 /* Foundation.framework in Frameworks */,
			);
			runOnlyForDeploymentPostprocessing = 0;
		};
		A4279F3519E4810200332370 /* Frameworks */ = {
			isa = PBXFrameworksBuildPhase;
			buildActionMask = 2147483647;
			files = (
				A4279F3A19E4810200332370 /* XCTest.framework in Frameworks */,
				A4279F3C19E4810200332370 /* UIKit.framework in Frameworks */,
				A4279F3B19E4810200332370 /* Foundation.framework in Frameworks */,
			);
			runOnlyForDeploymentPostprocessing = 0;
		};
/* End PBXFrameworksBuildPhase section */

/* Begin PBXGroup section */
		A4279F0B19E4810200332370 = {
			isa = PBXGroup;
			children = (
				A4279F1D19E4810200332370 /* VideoProcessor */,
				A4279F3F19E4810200332370 /* VideoProcessorTests */,
				A4279F1619E4810200332370 /* Frameworks */,
				A4279F1519E4810200332370 /* Products */,
			);
			sourceTree = "<group>";
		};
		A4279F1519E4810200332370 /* Products */ = {
			isa = PBXGroup;
			children = (
				A4279F1419E4810200332370 /* VideoProcessor.app */,
				A4279F3819E4810200332370 /* VideoProcessorTests.xctest */,
			);
			name = Products;
			sourceTree = "<group>";
		};
		A4279F1619E4810200332370 /* Frameworks */ = {
			isa = PBXGroup;
			children = (
				A4279F5D19E4815C00332370 /* MobileCoreServices.framework */,
				A4279F5B19E4815100332370 /* QuartzCore.framework */,
				A4279F5919E4814C00332370 /* MediaPlayer.framework */,
				A4279F5719E4813C00332370 /* CoreMedia.framework */,
				A4279F5519E4813800332370 /* CoreImage.framework */,
				A4279F5319E4812700332370 /* AVFoundation.framework */,
				A4279F5119E4812300332370 /* AssetsLibrary.framework */,
				A4279F4F19E4811F00332370 /* Accelerate.framework */,
				A4279F1719E4810200332370 /* Foundation.framework */,
				A4279F1919E4810200332370 /* CoreGraphics.framework */,
				A4279F1B19E4810200332370 /* UIKit.framework */,
				A4279F3919E4810200332370 /* XCTest.framework */,
			);
			name = Frameworks;
			sourceTree = "<group>";
		};
		A4279F1D19E4810200332370 /* VideoProcessor */ = {
			isa = PBXGroup;
			children = (
				A4CD040A19E925D300F25677 /* Utils */,
				A4CD040619E9257D00F25677 /* Resources */,
				A4CD03F719E9243C00F25677 /* CustomViews */,
				A4CD040219E924FD00F25677 /* ViewControllers */,
				A4CD03FF19E924CF00F25677 /* AppDelegate.h */,
				A4CD040019E924CF00F25677 /* AppDelegate.m */,
				A4279F2919E4810200332370 /* Main_iPhone.storyboard */,
				A4279F2C19E4810200332370 /* Main_iPad.storyboard */,
				A4279F3219E4810200332370 /* Images.xcassets */,
				A4279F1E19E4810200332370 /* Supporting Files */,
			);
			path = VideoProcessor;
			sourceTree = "<group>";
		};
		A4279F1E19E4810200332370 /* Supporting Files */ = {
			isa = PBXGroup;
			children = (
				A4279F1F19E4810200332370 /* VideoProcessor-Info.plist */,
				A4279F2019E4810200332370 /* InfoPlist.strings */,
				A4279F2319E4810200332370 /* main.m */,
				A4279F2519E4810200332370 /* VideoProcessor-Prefix.pch */,
			);
			name = "Supporting Files";
			sourceTree = "<group>";
		};
		A4279F3F19E4810200332370 /* VideoProcessorTests */ = {
			isa = PBXGroup;
			children = (
				A4279F4519E4810200332370 /* VideoProcessorTests.m */,
				A4279F4019E4810200332370 /* Supporting Files */,
			);
			path = VideoProcessorTests;
			sourceTree = "<group>";
		};
		A4279F4019E4810200332370 /* Supporting Files */ = {
			isa = PBXGroup;
			children = (
				A4279F4119E4810200332370 /* VideoProcessorTests-Info.plist */,
				A4279F4219E4810200332370 /* InfoPlist.strings */,
			);
			name = "Supporting Files";
			sourceTree = "<group>";
		};
		A4CD03F719E9243C00F25677 /* CustomViews */ = {
			isa = PBXGroup;
			children = (
				A4CD03F819E9246900F25677 /* TagDrawerView.h */,
				A4CD03F919E9246900F25677 /* TagDrawerView.m */,
			);
			path = CustomViews;
			sourceTree = "<group>";
		};
		A4CD040219E924FD00F25677 /* ViewControllers */ = {
			isa = PBXGroup;
			children = (
				A4CD040319E9251A00F25677 /* ViewController.h */,
				A4CD040419E9253100F25677 /* ViewController.m */,
			);
			path = ViewControllers;
			sourceTree = "<group>";
		};
		A4CD040619E9257D00F25677 /* Resources */ = {
			isa = PBXGroup;
			children = (
				A4CD040719E9258B00F25677 /* Video */,
			);
			path = Resources;
			sourceTree = "<group>";
		};
		A4CD040719E9258B00F25677 /* Video */ = {
			isa = PBXGroup;
			children = (
				A4CD040819E9259D00F25677 /* sample.m4v */,
			);
			path = Video;
			sourceTree = "<group>";
		};
		A4CD040A19E925D300F25677 /* Utils */ = {
			isa = PBXGroup;
			children = (
				A4CD040D19E92A7700F25677 /* AppConstants.h */,
			);
			path = Utils;
			sourceTree = "<group>";
		};
/* End PBXGroup section */

/* Begin PBXNativeTarget section */
		A4279F1319E4810200332370 /* VideoProcessor */ = {
			isa = PBXNativeTarget;
			buildConfigurationList = A4279F4919E4810200332370 /* Build configuration list for PBXNativeTarget "VideoProcessor" */;
			buildPhases = (
				A4279F1019E4810200332370 /* Sources */,
				A4279F1119E4810200332370 /* Frameworks */,
				A4279F1219E4810200332370 /* Resources */,
			);
			buildRules = (
			);
			dependencies = (
			);
			name = VideoProcessor;
			productName = VideoProcessor;
			productReference = A4279F1419E4810200332370 /* VideoProcessor.app */;
			productType = "com.apple.product-type.application";
		};
		A4279F3719E4810200332370 /* VideoProcessorTests */ = {
			isa = PBXNativeTarget;
			buildConfigurationList = A4279F4C19E4810200332370 /* Build configuration list for PBXNativeTarget "VideoProcessorTests" */;
			buildPhases = (
				A4279F3419E4810200332370 /* Sources */,
				A4279F3519E4810200332370 /* Frameworks */,
				A4279F3619E4810200332370 /* Resources */,
			);
			buildRules = (
			);
			dependencies = (
				A4279F3E19E4810200332370 /* PBXTargetDependency */,
			);
			name = VideoProcessorTests;
			productName = VideoProcessorTests;
			productReference = A4279F3819E4810200332370 /* VideoProcessorTests.xctest */;
			productType = "com.apple.product-type.bundle.unit-test";
		};
/* End PBXNativeTarget section */

/* Begin PBXProject section */
		A4279F0C19E4810200332370 /* Project object */ = {
			isa = PBXProject;
			attributes = {
				LastUpgradeCheck = 0510;
				ORGANIZATIONNAME = "Kunal Labs";
				TargetAttributes = {
					A4279F3719E4810200332370 = {
						TestTargetID = A4279F1319E4810200332370;
					};
				};
			};
			buildConfigurationList = A4279F0F19E4810200332370 /* Build configuration list for PBXProject "VideoProcessor" */;
			compatibilityVersion = "Xcode 3.2";
			developmentRegion = English;
			hasScannedForEncodings = 0;
			knownRegions = (
				en,
				Base,
			);
			mainGroup = A4279F0B19E4810200332370;
			productRefGroup = A4279F1519E4810200332370 /* Products */;
			projectDirPath = "";
			projectRoot = "";
			targets = (
				A4279F1319E4810200332370 /* VideoProcessor */,
				A4279F3719E4810200332370 /* VideoProcessorTests */,
			);
		};
/* End PBXProject section */

/* Begin PBXResourcesBuildPhase section */
		A4279F1219E4810200332370 /* Resources */ = {
			isa = PBXResourcesBuildPhase;
			buildActionMask = 2147483647;
			files = (
				A4279F2E19E4810200332370 /* Main_iPad.storyboard in Resources */,
				A4CD040919E9259D00F25677 /* sample.m4v in Resources */,
				A4279F3319E4810200332370 /* Images.xcassets in Resources */,
				A4279F2B19E4810200332370 /* Main_iPhone.storyboard in Resources */,
				A4279F2219E4810200332370 /* InfoPlist.strings in Resources */,
			);
			runOnlyForDeploymentPostprocessing = 0;
		};
		A4279F3619E4810200332370 /* Resources */ = {
			isa = PBXResourcesBuildPhase;
			buildActionMask = 2147483647;
			files = (
				A4279F4419E4810200332370 /* InfoPlist.strings in Resources */,
			);
			runOnlyForDeploymentPostprocessing = 0;
		};
/* End PBXResourcesBuildPhase section */

/* Begin PBXSourcesBuildPhase section */
		A4279F1019E4810200332370 /* Sources */ = {
			isa = PBXSourcesBuildPhase;
			buildActionMask = 2147483647;
			files = (
				A4CD040119E924CF00F25677 /* AppDelegate.m in Sources */,
				A4CD03FA19E9246900F25677 /* TagDrawerView.m in Sources */,
				A4CD040519E9253100F25677 /* ViewController.m in Sources */,
				A4279F2419E4810200332370 /* main.m in Sources */,
			);
			runOnlyForDeploymentPostprocessing = 0;
		};
		A4279F3419E4810200332370 /* Sources */ = {
			isa = PBXSourcesBuildPhase;
			buildActionMask = 2147483647;
			files = (
				A4279F4619E4810200332370 /* VideoProcessorTests.m in Sources */,
			);
			runOnlyForDeploymentPostprocessing = 0;
		};
/* End PBXSourcesBuildPhase section */

/* Begin PBXTargetDependency section */
		A4279F3E19E4810200332370 /* PBXTargetDependency */ = {
			isa = PBXTargetDependency;
			target = A4279F1319E4810200332370 /* VideoProcessor */;
			targetProxy = A4279F3D19E4810200332370 /* PBXContainerItemProxy */;
		};
/* End PBXTargetDependency section */

/* Begin PBXVariantGroup section */
		A4279F2019E4810200332370 /* InfoPlist.strings */ = {
			isa = PBXVariantGroup;
			children = (
				A4279F2119E4810200332370 /* en */,
			);
			name = InfoPlist.strings;
			sourceTree = "<group>";
		};
		A4279F2919E4810200332370 /* Main_iPhone.storyboard */ = {
			isa = PBXVariantGroup;
			children = (
				A4279F2A19E4810200332370 /* Base */,
			);
			name = Main_iPhone.storyboard;
			sourceTree = "<group>";
		};
		A4279F2C19E4810200332370 /* Main_iPad.storyboard */ = {
			isa = PBXVariantGroup;
			children = (
				A4279F2D19E4810200332370 /* Base */,
			);
			name = Main_iPad.storyboard;
			sourceTree = "<group>";
		};
		A4279F4219E4810200332370 /* InfoPlist.strings */ = {
			isa = PBXVariantGroup;
			children = (
				A4279F4319E4810200332370 /* en */,
			);
			name = InfoPlist.strings;
			sourceTree = "<group>";
		};
/* End PBXVariantGroup section */

/* Begin XCBuildConfiguration section */
		A4279F4719E4810200332370 /* Debug */ = {
			isa = XCBuildConfiguration;
			buildSettings = {
				ALWAYS_SEARCH_USER_PATHS = NO;
				CLANG_CXX_LANGUAGE_STANDARD = "gnu++0x";
				CLANG_CXX_LIBRARY = "libc++";
				CLANG_ENABLE_MODULES = YES;
				CLANG_ENABLE_OBJC_ARC = YES;
				CLANG_WARN_BOOL_CONVERSION = YES;
				CLANG_WARN_CONSTANT_CONVERSION = YES;
				CLANG_WARN_DIRECT_OBJC_ISA_USAGE = YES_ERROR;
				CLANG_WARN_EMPTY_BODY = YES;
				CLANG_WARN_ENUM_CONVERSION = YES;
				CLANG_WARN_INT_CONVERSION = YES;
				CLANG_WARN_OBJC_ROOT_CLASS = YES_ERROR;
				CLANG_WARN__DUPLICATE_METHOD_MATCH = YES;
				"CODE_SIGN_IDENTITY[sdk=iphoneos*]" = "iPhone Developer";
				COPY_PHASE_STRIP = NO;
				GCC_C_LANGUAGE_STANDARD = gnu99;
				GCC_DYNAMIC_NO_PIC = NO;
				GCC_OPTIMIZATION_LEVEL = 0;
				GCC_PREPROCESSOR_DEFINITIONS = (
					"DEBUG=1",
					"$(inherited)",
				);
				GCC_SYMBOLS_PRIVATE_EXTERN = NO;
				GCC_WARN_64_TO_32_BIT_CONVERSION = YES;
				GCC_WARN_ABOUT_RETURN_TYPE = YES_ERROR;
				GCC_WARN_UNDECLARED_SELECTOR = YES;
				GCC_WARN_UNINITIALIZED_AUTOS = YES_AGGRESSIVE;
				GCC_WARN_UNUSED_FUNCTION = YES;
				GCC_WARN_UNUSED_VARIABLE = YES;
				IPHONEOS_DEPLOYMENT_TARGET = 7.1;
				ONLY_ACTIVE_ARCH = YES;
				SDKROOT = iphoneos;
				TARGETED_DEVICE_FAMILY = "1,2";
			};
			name = Debug;
		};
		A4279F4819E4810200332370 /* Release */ = {
			isa = XCBuildConfiguration;
			buildSettings = {
				ALWAYS_SEARCH_USER_PATHS = NO;
				CLANG_CXX_LANGUAGE_STANDARD = "gnu++0x";
				CLANG_CXX_LIBRARY = "libc++";
				CLANG_ENABLE_MODULES = YES;
				CLANG_ENABLE_OBJC_ARC = YES;
				CLANG_WARN_BOOL_CONVERSION = YES;
				CLANG_WARN_CONSTANT_CONVERSION = YES;
				CLANG_WARN_DIRECT_OBJC_ISA_USAGE = YES_ERROR;
				CLANG_WARN_EMPTY_BODY = YES;
				CLANG_WARN_ENUM_CONVERSION = YES;
				CLANG_WARN_INT_CONVERSION = YES;
				CLANG_WARN_OBJC_ROOT_CLASS = YES_ERROR;
				CLANG_WARN__DUPLICATE_METHOD_MATCH = YES;
				"CODE_SIGN_IDENTITY[sdk=iphoneos*]" = "iPhone Developer";
				COPY_PHASE_STRIP = YES;
				ENABLE_NS_ASSERTIONS = NO;
				GCC_C_LANGUAGE_STANDARD = gnu99;
				GCC_WARN_64_TO_32_BIT_CONVERSION = YES;
				GCC_WARN_ABOUT_RETURN_TYPE = YES_ERROR;
				GCC_WARN_UNDECLARED_SELECTOR = YES;
				GCC_WARN_UNINITIALIZED_AUTOS = YES_AGGRESSIVE;
				GCC_WARN_UNUSED_FUNCTION = YES;
				GCC_WARN_UNUSED_VARIABLE = YES;
				IPHONEOS_DEPLOYMENT_TARGET = 7.1;
				SDKROOT = iphoneos;
				TARGETED_DEVICE_FAMILY = "1,2";
				VALIDATE_PRODUCT = YES;
			};
			name = Release;
		};
		A4279F4A19E4810200332370 /* Debug */ = {
			isa = XCBuildConfiguration;
			buildSettings = {
				ASSETCATALOG_COMPILER_APPICON_NAME = AppIcon;
				ASSETCATALOG_COMPILER_LAUNCHIMAGE_NAME = LaunchImage;
				GCC_PRECOMPILE_PREFIX_HEADER = YES;
				GCC_PREFIX_HEADER = "VideoProcessor/VideoProcessor-Prefix.pch";
				INFOPLIST_FILE = "VideoProcessor/VideoProcessor-Info.plist";
				IPHONEOS_DEPLOYMENT_TARGET = 6.0;
				PRODUCT_NAME = "$(TARGET_NAME)";
				TARGETED_DEVICE_FAMILY = 2;
				WRAPPER_EXTENSION = app;
			};
			name = Debug;
		};
		A4279F4B19E4810200332370 /* Release */ = {
			isa = XCBuildConfiguration;
			buildSettings = {
				ASSETCATALOG_COMPILER_APPICON_NAME = AppIcon;
				ASSETCATALOG_COMPILER_LAUNCHIMAGE_NAME = LaunchImage;
				GCC_PRECOMPILE_PREFIX_HEADER = YES;
				GCC_PREFIX_HEADER = "VideoProcessor/VideoProcessor-Prefix.pch";
				INFOPLIST_FILE = "VideoProcessor/VideoProcessor-Info.plist";
				IPHONEOS_DEPLOYMENT_TARGET = 6.0;
				PRODUCT_NAME = "$(TARGET_NAME)";
				TARGETED_DEVICE_FAMILY = 2;
				WRAPPER_EXTENSION = app;
			};
			name = Release;
		};
		A4279F4D19E4810200332370 /* Debug */ = {
			isa = XCBuildConfiguration;
			buildSettings = {
				BUNDLE_LOADER = "$(BUILT_PRODUCTS_DIR)/VideoProcessor.app/VideoProcessor";
				FRAMEWORK_SEARCH_PATHS = (
					"$(SDKROOT)/Developer/Library/Frameworks",
					"$(inherited)",
					"$(DEVELOPER_FRAMEWORKS_DIR)",
				);
				GCC_PRECOMPILE_PREFIX_HEADER = YES;
				GCC_PREFIX_HEADER = "VideoProcessor/VideoProcessor-Prefix.pch";
				GCC_PREPROCESSOR_DEFINITIONS = (
					"DEBUG=1",
					"$(inherited)",
				);
				INFOPLIST_FILE = "VideoProcessorTests/VideoProcessorTests-Info.plist";
				PRODUCT_NAME = "$(TARGET_NAME)";
				TEST_HOST = "$(BUNDLE_LOADER)";
				WRAPPER_EXTENSION = xctest;
			};
			name = Debug;
		};
		A4279F4E19E4810200332370 /* Release */ = {
			isa = XCBuildConfiguration;
			buildSettings = {
				BUNDLE_LOADER = "$(BUILT_PRODUCTS_DIR)/VideoProcessor.app/VideoProcessor";
				FRAMEWORK_SEARCH_PATHS = (
					"$(SDKROOT)/Developer/Library/Frameworks",
					"$(inherited)",
					"$(DEVELOPER_FRAMEWORKS_DIR)",
				);
				GCC_PRECOMPILE_PREFIX_HEADER = YES;
				GCC_PREFIX_HEADER = "VideoProcessor/VideoProcessor-Prefix.pch";
				INFOPLIST_FILE = "VideoProcessorTests/VideoProcessorTests-Info.plist";
				PRODUCT_NAME = "$(TARGET_NAME)";
				TEST_HOST = "$(BUNDLE_LOADER)";
				WRAPPER_EXTENSION = xctest;
			};
			name = Release;
		};
/* End XCBuildConfiguration section */

/* Begin XCConfigurationList section */
		A4279F0F19E4810200332370 /* Build configuration list for PBXProject "VideoProcessor" */ = {
			isa = XCConfigurationList;
			buildConfigurations = (
				A4279F4719E4810200332370 /* Debug */,
				A4279F4819E4810200332370 /* Release */,
			);
			defaultConfigurationIsVisible = 0;
			defaultConfigurationName = Release;
		};
		A4279F4919E4810200332370 /* Build configuration list for PBXNativeTarget "VideoProcessor" */ = {
			isa = XCConfigurationList;
			buildConfigurations = (
				A4279F4A19E4810200332370 /* Debug */,
				A4279F4B19E4810200332370 /* Release */,
			);
			defaultConfigurationIsVisible = 0;
			defaultConfigurationName = Release;
		};
		A4279F4C19E4810200332370 /* Build configuration list for PBXNativeTarget "VideoProcessorTests" */ = {
			isa = XCConfigurationList;
			buildConfigurations = (
				A4279F4D19E4810200332370 /* Debug */,
				A4279F4E19E4810200332370 /* Release */,
			);
			defaultConfigurationIsVisible = 0;
			defaultConfigurationName = Release;
		};
/* End XCConfigurationList section */
	};
	rootObject = A4279F0C19E4810200332370 /* Project object */;
}
